
Microsoft Visual Studio Solution File, Format Version 12.00
# Visual Studio Version 16
VisualStudioVersion = 16.0.31624.102
MinimumVisualStudioVersion = 10.0.40219.1
Project("{8BC9CEB8-8B4A-11D0-8D11-00A0C91BC942}") = "Maze Game", "Maze Game\Maze Game.vcxproj", "{59771075-03B7-460F-B1DE-AD50310E9AB5}"
EndProject
Project("{8BC9CEB8-8B4A-11D0-8D11-00A0C91BC942}") = "Level Editor", "Level Editor\Level Editor.vcxproj", "{D9B255F7-8F18-4FEA-A415-BC9E6FFE993D}"
EndProject
Project("{8BC9CEB8-8B4A-11D0-8D11-00A0C91BC942}") = "SoccerGame", "SoccerGame\SoccerGame.vcxproj", "{1ACCA85E-2F93-42E0-96E5-F7F7F49E6251}"
EndProject
Global
	GlobalSection(SolutionConfigurationPlatforms) = preSolution
		Debug|x64 = Debug|x64
		Debug|x86 = Debug|x86
		Release|x64 = Release|x64
		Release|x86 = Release|x86
	EndGlobalSection
	GlobalSection(ProjectConfigurationPlatforms) = postSolution
		{59771075-03B7-460F-B1DE-AD50310E9AB5}.Debug|x64.ActiveCfg = Debug|x64
		{59771075-03B7-460F-B1DE-AD50310E9AB5}.Debug|x64.Build.0 = Debug|x64
		{59771075-03B7-460F-B1DE-AD50310E9AB5}.Debug|x86.ActiveCfg = Debug|Win32
		{59771075-03B7-460F-B1DE-AD50310E9AB5}.Debug|x86.Build.0 = Debug|Win32
		{59771075-03B7-460F-B1DE-AD50310E9AB5}.Release|x64.ActiveCfg = Release|x64
		{59771075-03B7-460F-B1DE-AD50310E9AB5}.Release|x64.Build.0 = Release|x64
		{59771075-03B7-460F-B1DE-AD50310E9AB5}.Release|x86.ActiveCfg = Release|Win32
		{59771075-03B7-460F-B1DE-AD50310E9AB5}.Release|x86.Build.0 = Release|Win32
		{D9B255F7-8F18-4FEA-A415-BC9E6FFE993D}.Debug|x64.ActiveCfg = Debug|x64
		{D9B255F7-8F18-4FEA-A415-BC9E6FFE993D}.Debug|x64.Build.0 = Debug|x64
		{D9B255F7-8F18-4FEA-A415-BC9E6FFE993D}.Debug|x86.ActiveCfg = Debug|Win32
		{D9B255F7-8F18-4FEA-A415-BC9E6FFE993D}.Debug|x86.Build.0 = Debug|Win32
		{D9B255F7-8F18-4FEA-A415-BC9E6FFE993D}.Release|x64.ActiveCfg = Release|x64
		{D9B255F7-8F18-4FEA-A415-BC9E6FFE993D}.Release|x64.Build.0 = Release|x64
		{D9B255F7-8F18-4FEA-A415-BC9E6FFE993D}.Release|x86.ActiveCfg = Release|Win32
		{D9B255F7-8F18-4FEA-A415-BC9E6FFE993D}.Release|x86.Build.0 = Release|Win32
		{1ACCA85E-2F93-42E0-96E5-F7F7F49E6251}.Debug|x64.ActiveCfg = Debug|x64
		{1ACCA85E-2F93-42E0-96E5-F7F7F49E6251}.Debug|x64.Build.0 = Debug|x64
		{1ACCA85E-2F93-42E0-96E5-F7F7F49E6251}.Debug|x86.ActiveCfg = Debug|Win32
		{1ACCA85E-2F93-42E0-96E5-F7F7F49E6251}.Debug|x86.Build.0 = Debug|Win32
		{1ACCA85E-2F93-42E0-96E5-F7F7F49E6251}.Release|x64.ActiveCfg = Release|x64
		{1ACCA85E-2F93-42E0-96E5-F7F7F49E6251}.Release|x64.Build.0 = Release|x64
		{1ACCA85E-2F93-42E0-96E5-F7F7F49E6251}.Release|x86.ActiveCfg = Release|Win32
		{1ACCA85E-2F93-42E0-96E5-F7F7F49E6251}.Release|x86.Build.0 = Release|Win32
	EndGlobalSection
	GlobalSection(SolutionProperties) = preSolution
		HideSolutionNode = FALSE
	EndGlobalSection
	GlobalSection(ExtensibilityGlobals) = postSolution
		SolutionGuid = {57D400CF-24DF-41DB-A2D6-6F6AA65C18AF}
	EndGlobalSection
EndGlobal
